
Microsoft Visual Studio Solution File, Format Version 12.00
# Visual Studio 15
VisualStudioVersion = 15.0.28307.136
MinimumVisualStudioVersion = 10.0.40219.1
Project("{FAE04EC0-301F-11D3-BF4B-00C04F79EFBC}") = "AdvExceptionExercise", "AdvExceptionExercise\AdvExceptionExercise.csproj", "{4E054483-E8A2-49FB-9392-A5D7D3E53393}"
EndProject
Global
	GlobalSection(SolutionConfigurationPlatforms) = preSolution
		Debug|Any CPU = Debug|Any CPU
		Release|Any CPU = Release|Any CPU
	EndGlobalSection
	GlobalSection(ProjectConfigurationPlatforms) = postSolution
		{4E054483-E8A2-49FB-9392-A5D7D3E53393}.Debug|Any CPU.ActiveCfg = Debug|Any CPU
		{4E054483-E8A2-49FB-9392-A5D7D3E53393}.Debug|Any CPU.Build.0 = Debug|Any CPU
		{4E054483-E8A2-49FB-9392-A5D7D3E53393}.Release|Any CPU.ActiveCfg = Release|Any CPU
		{4E054483-E8A2-49FB-9392-A5D7D3E53393}.Release|Any CPU.Build.0 = Release|Any CPU
	EndGlobalSection
	GlobalSection(SolutionProperties) = preSolution
		HideSolutionNode = FALSE
	EndGlobalSection
	GlobalSection(ExtensibilityGlobals) = postSolution
		SolutionGuid = {BF26E264-C5A0-4D76-BC67-8575ACA26BF3}
	EndGlobalSection
EndGlobal
