
Microsoft Visual Studio Solution File, Format Version 12.00
# Visual Studio 15
VisualStudioVersion = 15.0.28307.168
MinimumVisualStudioVersion = 10.0.40219.1
Project("{FAE04EC0-301F-11D3-BF4B-00C04F79EFBC}") = "TestMVC2", "TestMVC2\TestMVC2.csproj", "{639FBA20-806B-4591-AC02-1C32D43EAE42}"
EndProject
Global
	GlobalSection(SolutionConfigurationPlatforms) = preSolution
		Debug|Any CPU = Debug|Any CPU
		Release|Any CPU = Release|Any CPU
	EndGlobalSection
	GlobalSection(ProjectConfigurationPlatforms) = postSolution
		{639FBA20-806B-4591-AC02-1C32D43EAE42}.Debug|Any CPU.ActiveCfg = Debug|Any CPU
		{639FBA20-806B-4591-AC02-1C32D43EAE42}.Debug|Any CPU.Build.0 = Debug|Any CPU
		{639FBA20-806B-4591-AC02-1C32D43EAE42}.Release|Any CPU.ActiveCfg = Release|Any CPU
		{639FBA20-806B-4591-AC02-1C32D43EAE42}.Release|Any CPU.Build.0 = Release|Any CPU
	EndGlobalSection
	GlobalSection(SolutionProperties) = preSolution
		HideSolutionNode = FALSE
	EndGlobalSection
	GlobalSection(ExtensibilityGlobals) = postSolution
		SolutionGuid = {0C302FC3-D45E-4C34-978C-BF62BAD23719}
	EndGlobalSection
EndGlobal
