
Microsoft Visual Studio Solution File, Format Version 12.00
# Visual Studio 15
VisualStudioVersion = 15.0.28307.136
MinimumVisualStudioVersion = 10.0.40219.1
Project("{FAE04EC0-301F-11D3-BF4B-00C04F79EFBC}") = "TwentyOne2", "TwentyOne2\TwentyOne2.csproj", "{624309C0-281D-4076-A73A-3C8A6B220CEE}"
EndProject
Global
	GlobalSection(SolutionConfigurationPlatforms) = preSolution
		Debug|Any CPU = Debug|Any CPU
		Release|Any CPU = Release|Any CPU
	EndGlobalSection
	GlobalSection(ProjectConfigurationPlatforms) = postSolution
		{624309C0-281D-4076-A73A-3C8A6B220CEE}.Debug|Any CPU.ActiveCfg = Debug|Any CPU
		{624309C0-281D-4076-A73A-3C8A6B220CEE}.Debug|Any CPU.Build.0 = Debug|Any CPU
		{624309C0-281D-4076-A73A-3C8A6B220CEE}.Release|Any CPU.ActiveCfg = Release|Any CPU
		{624309C0-281D-4076-A73A-3C8A6B220CEE}.Release|Any CPU.Build.0 = Release|Any CPU
	EndGlobalSection
	GlobalSection(SolutionProperties) = preSolution
		HideSolutionNode = FALSE
	EndGlobalSection
	GlobalSection(ExtensibilityGlobals) = postSolution
		SolutionGuid = {5090CC1C-4CB0-43C2-B71E-7A51AB49ED31}
	EndGlobalSection
EndGlobal
