
Microsoft Visual Studio Solution File, Format Version 12.00
# Visual Studio 15
VisualStudioVersion = 15.0.28307.136
MinimumVisualStudioVersion = 10.0.40219.1
Project("{FAE04EC0-301F-11D3-BF4B-00C04F79EFBC}") = "TechAcadStudentsMvc", "TechAcadStudentsMvc\TechAcadStudentsMvc.csproj", "{F62B2CD9-3D05-4E5B-ACAD-F2EA981CAC14}"
EndProject
Global
	GlobalSection(SolutionConfigurationPlatforms) = preSolution
		Debug|Any CPU = Debug|Any CPU
		Release|Any CPU = Release|Any CPU
	EndGlobalSection
	GlobalSection(ProjectConfigurationPlatforms) = postSolution
		{F62B2CD9-3D05-4E5B-ACAD-F2EA981CAC14}.Debug|Any CPU.ActiveCfg = Debug|Any CPU
		{F62B2CD9-3D05-4E5B-ACAD-F2EA981CAC14}.Debug|Any CPU.Build.0 = Debug|Any CPU
		{F62B2CD9-3D05-4E5B-ACAD-F2EA981CAC14}.Release|Any CPU.ActiveCfg = Release|Any CPU
		{F62B2CD9-3D05-4E5B-ACAD-F2EA981CAC14}.Release|Any CPU.Build.0 = Release|Any CPU
	EndGlobalSection
	GlobalSection(SolutionProperties) = preSolution
		HideSolutionNode = FALSE
	EndGlobalSection
	GlobalSection(ExtensibilityGlobals) = postSolution
		SolutionGuid = {AFEB368D-EA5B-4CC8-BED1-844BA8E1230C}
	EndGlobalSection
EndGlobal
