
Microsoft Visual Studio Solution File, Format Version 12.00
# Visual Studio 15
VisualStudioVersion = 15.0.28307.136
MinimumVisualStudioVersion = 10.0.40219.1
Project("{FAE04EC0-301F-11D3-BF4B-00C04F79EFBC}") = "AnonCompareIncomeEx", "AnonCompareIncomeEx\AnonCompareIncomeEx.csproj", "{841471B7-5E82-4A5F-9A8D-E536972DB83E}"
EndProject
Global
	GlobalSection(SolutionConfigurationPlatforms) = preSolution
		Debug|Any CPU = Debug|Any CPU
		Release|Any CPU = Release|Any CPU
	EndGlobalSection
	GlobalSection(ProjectConfigurationPlatforms) = postSolution
		{841471B7-5E82-4A5F-9A8D-E536972DB83E}.Debug|Any CPU.ActiveCfg = Debug|Any CPU
		{841471B7-5E82-4A5F-9A8D-E536972DB83E}.Debug|Any CPU.Build.0 = Debug|Any CPU
		{841471B7-5E82-4A5F-9A8D-E536972DB83E}.Release|Any CPU.ActiveCfg = Release|Any CPU
		{841471B7-5E82-4A5F-9A8D-E536972DB83E}.Release|Any CPU.Build.0 = Release|Any CPU
	EndGlobalSection
	GlobalSection(SolutionProperties) = preSolution
		HideSolutionNode = FALSE
	EndGlobalSection
	GlobalSection(ExtensibilityGlobals) = postSolution
		SolutionGuid = {77B8B68E-65D1-4652-A369-E5CFCFF9177F}
	EndGlobalSection
EndGlobal
