
Microsoft Visual Studio Solution File, Format Version 12.00
# Visual Studio 15
VisualStudioVersion = 15.0.28307.329
MinimumVisualStudioVersion = 10.0.40219.1
Project("{9A19103F-16F7-4668-BE54-9A1E7A4F7556}") = "EFCodeFirstApiEx", "EFCodeFirstApiEx\EFCodeFirstApiEx.csproj", "{90F48BEB-2E80-44CE-8AB3-CA6D1D4E4068}"
EndProject
Project("{9A19103F-16F7-4668-BE54-9A1E7A4F7556}") = "Repository", "Repository\Repository.csproj", "{99CB83A7-6E73-4ED1-8DFF-C1D2257B489E}"
EndProject
Project("{9A19103F-16F7-4668-BE54-9A1E7A4F7556}") = "Entities", "Entities\Entities.csproj", "{ACC2DAAF-B939-4900-923A-20F4FA0BA9EE}"
EndProject
Project("{9A19103F-16F7-4668-BE54-9A1E7A4F7556}") = "Contracts", "Contracts\Contracts.csproj", "{3AAA0221-51C1-444B-B6D9-70D0875BBC62}"
EndProject
Project("{9A19103F-16F7-4668-BE54-9A1E7A4F7556}") = "LoggerService", "LoggerService\LoggerService.csproj", "{7AA7F6E4-7607-475E-B6A8-7530289B4418}"
EndProject
Global
	GlobalSection(SolutionConfigurationPlatforms) = preSolution
		Debug|Any CPU = Debug|Any CPU
		Release|Any CPU = Release|Any CPU
	EndGlobalSection
	GlobalSection(ProjectConfigurationPlatforms) = postSolution
		{90F48BEB-2E80-44CE-8AB3-CA6D1D4E4068}.Debug|Any CPU.ActiveCfg = Debug|Any CPU
		{90F48BEB-2E80-44CE-8AB3-CA6D1D4E4068}.Debug|Any CPU.Build.0 = Debug|Any CPU
		{90F48BEB-2E80-44CE-8AB3-CA6D1D4E4068}.Release|Any CPU.ActiveCfg = Release|Any CPU
		{90F48BEB-2E80-44CE-8AB3-CA6D1D4E4068}.Release|Any CPU.Build.0 = Release|Any CPU
		{99CB83A7-6E73-4ED1-8DFF-C1D2257B489E}.Debug|Any CPU.ActiveCfg = Debug|Any CPU
		{99CB83A7-6E73-4ED1-8DFF-C1D2257B489E}.Debug|Any CPU.Build.0 = Debug|Any CPU
		{99CB83A7-6E73-4ED1-8DFF-C1D2257B489E}.Release|Any CPU.ActiveCfg = Release|Any CPU
		{99CB83A7-6E73-4ED1-8DFF-C1D2257B489E}.Release|Any CPU.Build.0 = Release|Any CPU
		{ACC2DAAF-B939-4900-923A-20F4FA0BA9EE}.Debug|Any CPU.ActiveCfg = Debug|Any CPU
		{ACC2DAAF-B939-4900-923A-20F4FA0BA9EE}.Debug|Any CPU.Build.0 = Debug|Any CPU
		{ACC2DAAF-B939-4900-923A-20F4FA0BA9EE}.Release|Any CPU.ActiveCfg = Release|Any CPU
		{ACC2DAAF-B939-4900-923A-20F4FA0BA9EE}.Release|Any CPU.Build.0 = Release|Any CPU
		{3AAA0221-51C1-444B-B6D9-70D0875BBC62}.Debug|Any CPU.ActiveCfg = Debug|Any CPU
		{3AAA0221-51C1-444B-B6D9-70D0875BBC62}.Debug|Any CPU.Build.0 = Debug|Any CPU
		{3AAA0221-51C1-444B-B6D9-70D0875BBC62}.Release|Any CPU.ActiveCfg = Release|Any CPU
		{3AAA0221-51C1-444B-B6D9-70D0875BBC62}.Release|Any CPU.Build.0 = Release|Any CPU
		{7AA7F6E4-7607-475E-B6A8-7530289B4418}.Debug|Any CPU.ActiveCfg = Debug|Any CPU
		{7AA7F6E4-7607-475E-B6A8-7530289B4418}.Debug|Any CPU.Build.0 = Debug|Any CPU
		{7AA7F6E4-7607-475E-B6A8-7530289B4418}.Release|Any CPU.ActiveCfg = Release|Any CPU
		{7AA7F6E4-7607-475E-B6A8-7530289B4418}.Release|Any CPU.Build.0 = Release|Any CPU
	EndGlobalSection
	GlobalSection(SolutionProperties) = preSolution
		HideSolutionNode = FALSE
	EndGlobalSection
	GlobalSection(ExtensibilityGlobals) = postSolution
		SolutionGuid = {963EDFE9-34F6-4796-9928-41ADCCD9CD19}
	EndGlobalSection
EndGlobal
