
Microsoft Visual Studio Solution File, Format Version 12.00
# Visual Studio 15
VisualStudioVersion = 15.0.28307.136
MinimumVisualStudioVersion = 10.0.40219.1
Project("{FAE04EC0-301F-11D3-BF4B-00C04F79EFBC}") = "WebForm", "WebForm\WebForm.csproj", "{608C5DD7-9DFC-4A8E-8923-8F23210D1E05}"
EndProject
Global
	GlobalSection(SolutionConfigurationPlatforms) = preSolution
		Debug|Any CPU = Debug|Any CPU
		Release|Any CPU = Release|Any CPU
	EndGlobalSection
	GlobalSection(ProjectConfigurationPlatforms) = postSolution
		{608C5DD7-9DFC-4A8E-8923-8F23210D1E05}.Debug|Any CPU.ActiveCfg = Debug|Any CPU
		{608C5DD7-9DFC-4A8E-8923-8F23210D1E05}.Debug|Any CPU.Build.0 = Debug|Any CPU
		{608C5DD7-9DFC-4A8E-8923-8F23210D1E05}.Release|Any CPU.ActiveCfg = Release|Any CPU
		{608C5DD7-9DFC-4A8E-8923-8F23210D1E05}.Release|Any CPU.Build.0 = Release|Any CPU
	EndGlobalSection
	GlobalSection(SolutionProperties) = preSolution
		HideSolutionNode = FALSE
	EndGlobalSection
	GlobalSection(ExtensibilityGlobals) = postSolution
		SolutionGuid = {B0DACBD4-4DAB-4080-A9F1-F637070470EE}
	EndGlobalSection
EndGlobal
