
Microsoft Visual Studio Solution File, Format Version 12.00
# Visual Studio 15
VisualStudioVersion = 15.0.28307.136
MinimumVisualStudioVersion = 10.0.40219.1
Project("{FAE04EC0-301F-11D3-BF4B-00C04F79EFBC}") = "VariablesAndDataTypes", "VariablesAndDataTypes\VariablesAndDataTypes.csproj", "{FFA4D612-B036-401A-AA4B-416DAF729F19}"
EndProject
Global
	GlobalSection(SolutionConfigurationPlatforms) = preSolution
		Debug|Any CPU = Debug|Any CPU
		Release|Any CPU = Release|Any CPU
	EndGlobalSection
	GlobalSection(ProjectConfigurationPlatforms) = postSolution
		{FFA4D612-B036-401A-AA4B-416DAF729F19}.Debug|Any CPU.ActiveCfg = Debug|Any CPU
		{FFA4D612-B036-401A-AA4B-416DAF729F19}.Debug|Any CPU.Build.0 = Debug|Any CPU
		{FFA4D612-B036-401A-AA4B-416DAF729F19}.Release|Any CPU.ActiveCfg = Release|Any CPU
		{FFA4D612-B036-401A-AA4B-416DAF729F19}.Release|Any CPU.Build.0 = Release|Any CPU
	EndGlobalSection
	GlobalSection(SolutionProperties) = preSolution
		HideSolutionNode = FALSE
	EndGlobalSection
	GlobalSection(ExtensibilityGlobals) = postSolution
		SolutionGuid = {D1C0D6F3-2033-4E32-BF19-10DCC10620F6}
	EndGlobalSection
EndGlobal
